{
  "version": 4,
  "terraform_version": "0.12.6",
  "serial": 10,
  "lineage": "89dcaaf6-1f99-06f1-6d8d-06559e6abf84",
  "outputs": {},
  "resources": [
    {
      "mode": "managed",
      "type": "google_container_cluster",
      "name": "gke_cluster",
      "provider": "provider.google",
      "instances": [
        {
          "schema_version": 1,
          "attributes": {
            "additional_zones": [],
            "addons_config": [
              {
                "horizontal_pod_autoscaling": [],
                "http_load_balancing": [],
                "kubernetes_dashboard": [
                  {
                    "disabled": true
                  }
                ],
                "network_policy_config": [
                  {
                    "disabled": true
                  }
                ]
              }
            ],
            "cluster_autoscaling": [],
            "cluster_ipv4_cidr": "10.12.0.0/14",
            "description": "",
            "enable_binary_authorization": null,
            "enable_intranode_visibility": null,
            "enable_kubernetes_alpha": false,
            "enable_legacy_abac": false,
            "enable_tpu": null,
            "endpoint": "35.228.158.249",
            "id": "my-first-gke-cluster",
            "initial_node_count": 3,
            "instance_group_urls": [
              "https://www.googleapis.com/compute/v1/projects/kubernets-250512/zones/europe-north1-a/instanceGroups/gke-my-first-gke-cluster-default-pool-b563255a-grp",
              "https://www.googleapis.com/compute/v1/projects/kubernets-250512/zones/europe-north1-a/instanceGroups/gke-my-first-gke-clus-extra-node-pool-555ef6b3-grp"
            ],
            "ip_allocation_policy": [],
            "location": "europe-north1-a",
            "logging_service": "logging.googleapis.com",
            "maintenance_policy": [],
            "master_auth": [
              {
                "client_certificate": "",
                "client_certificate_config": [
                  {
                    "issue_client_certificate": false
                  }
                ],
                "client_key": "",
                "cluster_ca_certificate": "LS0tLS1CRUdJTiBDRVJUSUZJQ0FURS0tLS0tCk1JSURDekNDQWZPZ0F3SUJBZ0lRTFpCOUk1Y2ZiTlRMNFZGZUU5N1l2VEFOQmdrcWhraUc5dzBCQVFzRkFEQXYKTVMwd0t3WURWUVFERXlReVlqa3dNVEU0TlMxbFltSXlMVFJqTkRFdFlqQTROaTB5WVRsbVkyUmxZMlpqTmpFdwpIaGNOTVRrd09ESXpNRFV6T1RBNVdoY05NalF3T0RJeE1EWXpPVEE1V2pBdk1TMHdLd1lEVlFRREV5UXlZamt3Ck1URTROUzFsWW1JeUxUUmpOREV0WWpBNE5pMHlZVGxtWTJSbFkyWmpOakV3Z2dFaU1BMEdDU3FHU0liM0RRRUIKQVFVQUE0SUJEd0F3Z2dFS0FvSUJBUUN4SFVKOEpTUVVSUUVDdzg1bnRCTW0xUWRKc05vcjh0R0FETFFlczVsRwpmRml4TlpWZGVyVm9IZ0ZjVFZuSXZaM2NkdEtYNTZMRHRVbjFTL1ZzUzRkWHFlRWcyMW10ZEVhNWlWSE9LSUo1CktoTzNZYUJZL2FaYU9nSFcxbUs0WlcxOXBZT21CcHhsSTRMSkpYaVBRWnlSM2Z3em9CYlhySTQxQmxTdkNENHoKc3BRNGJsa0plaTlLaFB0dWpaOG5udS9aOXhRWnltTUtHZ2lYaTNGcUdnN3lsSUpYSjYwL2lFOXpVUmd3a1U3Ygp2RTE3RXNlb3JwcWtaY0hoL25iT0xaT0pzaGMxVVZScUtCV3NSem1CZ0pUTnhCb2VtNzB4L1ppM0VPamNucW0xCnZVNVBWY2VKUWIrbGU0ZUplT0JTQjdRbHF6Vk9iZCtaZUV6SlM1MnNjNW1WQWdNQkFBR2pJekFoTUE0R0ExVWQKRHdFQi93UUVBd0lDQkRBUEJnTlZIUk1CQWY4RUJUQURBUUgvTUEwR0NTcUdTSWIzRFFFQkN3VUFBNElCQVFCeQpiUzlKRm1FMUlkOEcwTmRRU29DWlNrR0ZKSm8zdFRKL0NsSjNicGhmOGFBOEN4SHBOWEd6czBpNU5BcXl6elhoCkZGQlpDL1FBNFBkOWJjaXl3REJHdzNkZGY2WForMVY5MVZMWEdnVjNzd2pwT05LTXZ0RENKS2xXRVNLVytWRDYKMUxsQ05mQjhVQ01QTGpBdEpXQzQ5VHg0ZHlwTXJjODU0NTN3Y1F5SHVWTXlOU2R6dVc0TDVPdXB0d1FUL21IUApIKzg2WGxjOHBWVy92Yy9yZnRGL1hUNFdtVmtUeVFzU1pDVlRPWEl1Q3pUYnl0NE4yRDBhMDRqTDlkM3pZc1JDCkhuWE16YWp6UFk5MnhWc2JzQklmRk1iWCtoWUxIRmlQR2JsOEJBQ2h3MGRWTWpXVEVVN1dTRFkyTGZJcjI1YkgKMWdnYzREVm51S1J0bXlpV2pRcFYKLS0tLS1FTkQgQ0VSVElGSUNBVEUtLS0tLQo=",
                "password": "",
                "username": ""
              }
            ],
            "master_authorized_networks_config": [],
            "master_version": "1.12.8-gke.10",
            "min_master_version": null,
            "monitoring_service": "monitoring.googleapis.com",
            "name": "my-first-gke-cluster",
            "network": "projects/kubernets-250512/global/networks/default",
            "network_policy": [
              {
                "enabled": false,
                "provider": "PROVIDER_UNSPECIFIED"
              }
            ],
            "node_config": [
              {
                "disk_size_gb": 100,
                "disk_type": "pd-standard",
                "guest_accelerator": [],
                "image_type": "COS",
                "labels": {},
                "local_ssd_count": 0,
                "machine_type": "n1-standard-1",
                "metadata": {
                  "disable-legacy-endpoints": "true"
                },
                "min_cpu_platform": "",
                "oauth_scopes": [
                  "https://www.googleapis.com/auth/devstorage.read_only",
                  "https://www.googleapis.com/auth/logging.write",
                  "https://www.googleapis.com/auth/monitoring",
                  "https://www.googleapis.com/auth/service.management.readonly",
                  "https://www.googleapis.com/auth/servicecontrol",
                  "https://www.googleapis.com/auth/trace.append"
                ],
                "preemptible": false,
                "sandbox_config": [],
                "service_account": "default",
                "tags": [],
                "taint": [],
                "workload_metadata_config": []
              }
            ],
            "node_locations": [],
            "node_pool": [
              {
                "autoscaling": [],
                "initial_node_count": 3,
                "instance_group_urls": [
                  "https://www.googleapis.com/compute/v1/projects/kubernets-250512/zones/europe-north1-a/instanceGroupManagers/gke-my-first-gke-cluster-default-pool-b563255a-grp"
                ],
                "management": [
                  {
                    "auto_repair": false,
                    "auto_upgrade": false
                  }
                ],
                "max_pods_per_node": 0,
                "name": "default-pool",
                "name_prefix": "",
                "node_config": [
                  {
                    "disk_size_gb": 100,
                    "disk_type": "pd-standard",
                    "guest_accelerator": [],
                    "image_type": "COS",
                    "labels": {},
                    "local_ssd_count": 0,
                    "machine_type": "n1-standard-1",
                    "metadata": {
                      "disable-legacy-endpoints": "true"
                    },
                    "min_cpu_platform": "",
                    "oauth_scopes": [
                      "https://www.googleapis.com/auth/devstorage.read_only",
                      "https://www.googleapis.com/auth/logging.write",
                      "https://www.googleapis.com/auth/monitoring",
                      "https://www.googleapis.com/auth/service.management.readonly",
                      "https://www.googleapis.com/auth/servicecontrol",
                      "https://www.googleapis.com/auth/trace.append"
                    ],
                    "preemptible": false,
                    "sandbox_config": [],
                    "service_account": "default",
                    "tags": [],
                    "taint": [],
                    "workload_metadata_config": []
                  }
                ],
                "node_count": 3,
                "version": "1.12.8-gke.10"
              },
              {
                "autoscaling": [],
                "initial_node_count": 3,
                "instance_group_urls": [
                  "https://www.googleapis.com/compute/v1/projects/kubernets-250512/zones/europe-north1-a/instanceGroupManagers/gke-my-first-gke-clus-extra-node-pool-555ef6b3-grp"
                ],
                "management": [
                  {
                    "auto_repair": false,
                    "auto_upgrade": false
                  }
                ],
                "max_pods_per_node": 0,
                "name": "extra-node-pool",
                "name_prefix": "",
                "node_config": [
                  {
                    "disk_size_gb": 100,
                    "disk_type": "pd-standard",
                    "guest_accelerator": [],
                    "image_type": "COS",
                    "labels": {},
                    "local_ssd_count": 0,
                    "machine_type": "n1-standard-1",
                    "metadata": {
                      "disable-legacy-endpoints": "true"
                    },
                    "min_cpu_platform": "",
                    "oauth_scopes": [
                      "https://www.googleapis.com/auth/devstorage.read_only",
                      "https://www.googleapis.com/auth/logging.write",
                      "https://www.googleapis.com/auth/monitoring",
                      "https://www.googleapis.com/auth/service.management.readonly",
                      "https://www.googleapis.com/auth/servicecontrol",
                      "https://www.googleapis.com/auth/trace.append"
                    ],
                    "preemptible": false,
                    "sandbox_config": [],
                    "service_account": "default",
                    "tags": [],
                    "taint": [],
                    "workload_metadata_config": []
                  }
                ],
                "node_count": 3,
                "version": "1.12.8-gke.10"
              }
            ],
            "node_version": "1.12.8-gke.10",
            "pod_security_policy_config": [],
            "private_cluster_config": [],
            "project": "kubernets-250512",
            "region": null,
            "remove_default_node_pool": null,
            "resource_labels": {},
            "services_ipv4_cidr": "10.15.240.0/20",
            "subnetwork": "projects/kubernets-250512/regions/europe-north1/subnetworks/default",
            "timeouts": null,
            "zone": "europe-north1-a"
          },
          "private": "eyJlMmJmYjczMC1lY2FhLTExZTYtOGY4OC0zNDM2M2JjN2M0YzAiOnsiY3JlYXRlIjoxODAwMDAwMDAwMDAwLCJkZWxldGUiOjE4MDAwMDAwMDAwMDAsInVwZGF0ZSI6MzYwMDAwMDAwMDAwMH0sInNjaGVtYV92ZXJzaW9uIjoiMSJ9"
        }
      ]
    },
    {
      "mode": "managed",
      "type": "google_container_node_pool",
      "name": "extra_node_pool",
      "provider": "provider.google",
      "instances": [
        {
          "schema_version": 1,
          "attributes": {
            "autoscaling": [],
            "cluster": "my-first-gke-cluster",
            "id": "europe-north1-a/my-first-gke-cluster/extra-node-pool",
            "initial_node_count": 3,
            "instance_group_urls": [
              "https://www.googleapis.com/compute/v1/projects/kubernets-250512/zones/europe-north1-a/instanceGroupManagers/gke-my-first-gke-clus-extra-node-pool-555ef6b3-grp"
            ],
            "location": "europe-north1-a",
            "management": [
              {
                "auto_repair": false,
                "auto_upgrade": false
              }
            ],
            "max_pods_per_node": null,
            "name": "extra-node-pool",
            "name_prefix": "",
            "node_config": [
              {
                "disk_size_gb": 100,
                "disk_type": "pd-standard",
                "guest_accelerator": [],
                "image_type": "COS",
                "labels": {},
                "local_ssd_count": 0,
                "machine_type": "n1-standard-1",
                "metadata": {
                  "disable-legacy-endpoints": "true"
                },
                "min_cpu_platform": "",
                "oauth_scopes": [
                  "https://www.googleapis.com/auth/devstorage.read_only",
                  "https://www.googleapis.com/auth/logging.write",
                  "https://www.googleapis.com/auth/monitoring",
                  "https://www.googleapis.com/auth/service.management.readonly",
                  "https://www.googleapis.com/auth/servicecontrol",
                  "https://www.googleapis.com/auth/trace.append"
                ],
                "preemptible": false,
                "sandbox_config": [],
                "service_account": "default",
                "tags": [],
                "taint": [],
                "workload_metadata_config": []
              }
            ],
            "node_count": 3,
            "project": "kubernets-250512",
            "region": null,
            "timeouts": null,
            "version": "1.12.8-gke.10",
            "zone": "europe-north1-a"
          },
          "private": "eyJlMmJmYjczMC1lY2FhLTExZTYtOGY4OC0zNDM2M2JjN2M0YzAiOnsiY3JlYXRlIjoxODAwMDAwMDAwMDAwLCJkZWxldGUiOjYwMDAwMDAwMDAwMCwidXBkYXRlIjo2MDAwMDAwMDAwMDB9LCJzY2hlbWFfdmVyc2lvbiI6IjEifQ==",
          "depends_on": [
            "google_container_cluster.gke_cluster"
          ]
        }
      ]
    }
  ]
}
